// !$*UTF8*$!
{
	archiveVersion = 1;
	classes = {
	};
	objectVersion = 50;
	objects = {

/* Begin PBXBuildFile section */
		67466F3421E2105C001B3278 /* AppDelegate.swift in Sources */ = {isa = PBXBuildFile; fileRef = 67466F3321E2105B001B3278 /* AppDelegate.swift */; };
		67466F3621E2105C001B3278 /* ViewController.swift in Sources */ = {isa = PBXBuildFile; fileRef = 67466F3521E2105C001B3278 /* ViewController.swift */; };
		67466F3921E2105C001B3278 /* Main.storyboard in Resources */ = {isa = PBXBuildFile; fileRef = 67466F3721E2105C001B3278 /* Main.storyboard */; };
		67466F3B21E21060001B3278 /* Assets.xcassets in Resources */ = {isa = PBXBuildFile; fileRef = 67466F3A21E21060001B3278 /* Assets.xcassets */; };
		67466F3E21E21060001B3278 /* LaunchScreen.storyboard in Resources */ = {isa = PBXBuildFile; fileRef = 67466F3C21E21060001B3278 /* LaunchScreen.storyboard */; };
		67CD51EB21E4CBFB006B2926 /* UsersTableViewController.swift in Sources */ = {isa = PBXBuildFile; fileRef = 67CD51EA21E4CBFB006B2926 /* UsersTableViewController.swift */; };
		6E48831D9A57FA1734C0B9B0 /* Pods_Instagram_Clone_Swift4.framework in Frameworks */ = {isa = PBXBuildFile; fileRef = 0CDCE866C8A5CF60CCBD9F6E /* Pods_Instagram_Clone_Swift4.framework */; };
/* End PBXBuildFile section */

/* Begin PBXFileReference section */
		0CDCE866C8A5CF60CCBD9F6E /* Pods_Instagram_Clone_Swift4.framework */ = {isa = PBXFileReference; explicitFileType = wrapper.framework; includeInIndex = 0; path = Pods_Instagram_Clone_Swift4.framework; sourceTree = BUILT_PRODUCTS_DIR; };
		67466F3021E2105B001B3278 /* Instagram Clone Swift4.app */ = {isa = PBXFileReference; explicitFileType = wrapper.application; includeInIndex = 0; path = "Instagram Clone Swift4.app"; sourceTree = BUILT_PRODUCTS_DIR; };
		67466F3321E2105B001B3278 /* AppDelegate.swift */ = {isa = PBXFileReference; lastKnownFileType = sourcecode.swift; path = AppDelegate.swift; sourceTree = "<group>"; };
		67466F3521E2105C001B3278 /* ViewController.swift */ = {isa = PBXFileReference; lastKnownFileType = sourcecode.swift; path = ViewController.swift; sourceTree = "<group>"; };
		67466F3821E2105C001B3278 /* Base */ = {isa = PBXFileReference; lastKnownFileType = file.storyboard; name = Base; path = Base.lproj/Main.storyboard; sourceTree = "<group>"; };
		67466F3A21E21060001B3278 /* Assets.xcassets */ = {isa = PBXFileReference; lastKnownFileType = folder.assetcatalog; path = Assets.xcassets; sourceTree = "<group>"; };
		67466F3D21E21060001B3278 /* Base */ = {isa = PBXFileReference; lastKnownFileType = file.storyboard; name = Base; path = Base.lproj/LaunchScreen.storyboard; sourceTree = "<group>"; };
		67466F3F21E21060001B3278 /* Info.plist */ = {isa = PBXFileReference; lastKnownFileType = text.plist.xml; path = Info.plist; sourceTree = "<group>"; };
		67CD51EA21E4CBFB006B2926 /* UsersTableViewController.swift */ = {isa = PBXFileReference; lastKnownFileType = sourcecode.swift; path = UsersTableViewController.swift; sourceTree = "<group>"; };
		77A18FBD4A0E092009059110 /* Pods-Instagram Clone Swift4.debug.xcconfig */ = {isa = PBXFileReference; includeInIndex = 1; lastKnownFileType = text.xcconfig; name = "Pods-Instagram Clone Swift4.debug.xcconfig"; path = "Target Support Files/Pods-Instagram Clone Swift4/Pods-Instagram Clone Swift4.debug.xcconfig"; sourceTree = "<group>"; };
		ECD75C78E16055446FBAFDEC /* Pods-Instagram Clone Swift4.release.xcconfig */ = {isa = PBXFileReference; includeInIndex = 1; lastKnownFileType = text.xcconfig; name = "Pods-Instagram Clone Swift4.release.xcconfig"; path = "Target Support Files/Pods-Instagram Clone Swift4/Pods-Instagram Clone Swift4.release.xcconfig"; sourceTree = "<group>"; };
/* End PBXFileReference section */

/* Begin PBXFrameworksBuildPhase section */
		67466F2D21E2105B001B3278 /* Frameworks */ = {
			isa = PBXFrameworksBuildPhase;
			buildActionMask = 2147483647;
			files = (
				6E48831D9A57FA1734C0B9B0 /* Pods_Instagram_Clone_Swift4.framework in Frameworks */,
			);
			runOnlyForDeploymentPostprocessing = 0;
		};
/* End PBXFrameworksBuildPhase section */

/* Begin PBXGroup section */
		49D7178149512E88C60CC07D /* Pods */ = {
			isa = PBXGroup;
			children = (
				77A18FBD4A0E092009059110 /* Pods-Instagram Clone Swift4.debug.xcconfig */,
				ECD75C78E16055446FBAFDEC /* Pods-Instagram Clone Swift4.release.xcconfig */,
			);
			path = Pods;
			sourceTree = "<group>";
		};
		67466F2721E2105B001B3278 = {
			isa = PBXGroup;
			children = (
				67466F3221E2105B001B3278 /* Instagram Clone Swift4 */,
				67466F3121E2105B001B3278 /* Products */,
				49D7178149512E88C60CC07D /* Pods */,
				C27C85140E681BC5C03AD290 /* Frameworks */,
			);
			sourceTree = "<group>";
		};
		67466F3121E2105B001B3278 /* Products */ = {
			isa = PBXGroup;
			children = (
				67466F3021E2105B001B3278 /* Instagram Clone Swift4.app */,
			);
			name = Products;
			sourceTree = "<group>";
		};
		67466F3221E2105B001B3278 /* Instagram Clone Swift4 */ = {
			isa = PBXGroup;
			children = (
				67466F3321E2105B001B3278 /* AppDelegate.swift */,
				67466F3521E2105C001B3278 /* ViewController.swift */,
				67CD51EA21E4CBFB006B2926 /* UsersTableViewController.swift */,
				67466F3721E2105C001B3278 /* Main.storyboard */,
				67466F3A21E21060001B3278 /* Assets.xcassets */,
				67466F3C21E21060001B3278 /* LaunchScreen.storyboard */,
				67466F3F21E21060001B3278 /* Info.plist */,
			);
			path = "Instagram Clone Swift4";
			sourceTree = "<group>";
		};
		C27C85140E681BC5C03AD290 /* Frameworks */ = {
			isa = PBXGroup;
			children = (
				0CDCE866C8A5CF60CCBD9F6E /* Pods_Instagram_Clone_Swift4.framework */,
			);
			name = Frameworks;
			sourceTree = "<group>";
		};
/* End PBXGroup section */

/* Begin PBXNativeTarget section */
		67466F2F21E2105B001B3278 /* Instagram Clone Swift4 */ = {
			isa = PBXNativeTarget;
			buildConfigurationList = 67466F4221E21060001B3278 /* Build configuration list for PBXNativeTarget "Instagram Clone Swift4" */;
			buildPhases = (
				C842DE8180727CB4681087AF /* [CP] Check Pods Manifest.lock */,
				67466F2C21E2105B001B3278 /* Sources */,
				67466F2D21E2105B001B3278 /* Frameworks */,
				67466F2E21E2105B001B3278 /* Resources */,
				577D3F4417C3AF12EF719102 /* [CP] Embed Pods Frameworks */,
			);
			buildRules = (
			);
			dependencies = (
			);
			name = "Instagram Clone Swift4";
			productName = "Instagram Clone Swift4";
			productReference = 67466F3021E2105B001B3278 /* Instagram Clone Swift4.app */;
			productType = "com.apple.product-type.application";
		};
/* End PBXNativeTarget section */

/* Begin PBXProject section */
		67466F2821E2105B001B3278 /* Project object */ = {
			isa = PBXProject;
			attributes = {
				LastSwiftUpdateCheck = 1010;
				LastUpgradeCheck = 1010;
				ORGANIZATIONNAME = "Chaman Gurjar";
				TargetAttributes = {
					67466F2F21E2105B001B3278 = {
						CreatedOnToolsVersion = 10.1;
					};
				};
			};
			buildConfigurationList = 67466F2B21E2105B001B3278 /* Build configuration list for PBXProject "Instagram Clone Swift4" */;
			compatibilityVersion = "Xcode 9.3";
			developmentRegion = en;
			hasScannedForEncodings = 0;
			knownRegions = (
				en,
				Base,
			);
			mainGroup = 67466F2721E2105B001B3278;
			productRefGroup = 67466F3121E2105B001B3278 /* Products */;
			projectDirPath = "";
			projectRoot = "";
			targets = (
				67466F2F21E2105B001B3278 /* Instagram Clone Swift4 */,
			);
		};
/* End PBXProject section */

/* Begin PBXResourcesBuildPhase section */
		67466F2E21E2105B001B3278 /* Resources */ = {
			isa = PBXResourcesBuildPhase;
			buildActionMask = 2147483647;
			files = (
				67466F3E21E21060001B3278 /* LaunchScreen.storyboard in Resources */,
				67466F3B21E21060001B3278 /* Assets.xcassets in Resources */,
				67466F3921E2105C001B3278 /* Main.storyboard in Resources */,
			);
			runOnlyForDeploymentPostprocessing = 0;
		};
/* End PBXResourcesBuildPhase section */

/* Begin PBXShellScriptBuildPhase section */
		577D3F4417C3AF12EF719102 /* [CP] Embed Pods Frameworks */ = {
			isa = PBXShellScriptBuildPhase;
			buildActionMask = 2147483647;
			files = (
			);
			inputFileListPaths = (
			);
			inputPaths = (
				"${PODS_ROOT}/Target Support Files/Pods-Instagram Clone Swift4/Pods-Instagram Clone Swift4-frameworks.sh",
				"${BUILT_PRODUCTS_DIR}/Bolts/Bolts.framework",
				"${BUILT_PRODUCTS_DIR}/Parse/Parse.framework",
			);
			name = "[CP] Embed Pods Frameworks";
			outputFileListPaths = (
			);
			outputPaths = (
				"${TARGET_BUILD_DIR}/${FRAMEWORKS_FOLDER_PATH}/Bolts.framework",
				"${TARGET_BUILD_DIR}/${FRAMEWORKS_FOLDER_PATH}/Parse.framework",
			);
			runOnlyForDeploymentPostprocessing = 0;
			shellPath = /bin/sh;
			shellScript = "\"${PODS_ROOT}/Target Support Files/Pods-Instagram Clone Swift4/Pods-Instagram Clone Swift4-frameworks.sh\"\n";
			showEnvVarsInLog = 0;
		};
		C842DE8180727CB4681087AF /* [CP] Check Pods Manifest.lock */ = {
			isa = PBXShellScriptBuildPhase;
			buildActionMask = 2147483647;
			files = (
			);
			inputFileListPaths = (
			);
			inputPaths = (
				"${PODS_PODFILE_DIR_PATH}/Podfile.lock",
				"${PODS_ROOT}/Manifest.lock",
			);
			name = "[CP] Check Pods Manifest.lock";
			outputFileListPaths = (
			);
			outputPaths = (
				"$(DERIVED_FILE_DIR)/Pods-Instagram Clone Swift4-checkManifestLockResult.txt",
			);
			runOnlyForDeploymentPostprocessing = 0;
			shellPath = /bin/sh;
			shellScript = "diff \"${PODS_PODFILE_DIR_PATH}/Podfile.lock\" \"${PODS_ROOT}/Manifest.lock\" > /dev/null\nif [ $? != 0 ] ; then\n    # print error to STDERR\n    echo \"error: The sandbox is not in sync with the Podfile.lock. Run 'pod install' or update your CocoaPods installation.\" >&2\n    exit 1\nfi\n# This output is used by Xcode 'outputs' to avoid re-running this script phase.\necho \"SUCCESS\" > \"${SCRIPT_OUTPUT_FILE_0}\"\n";
			showEnvVarsInLog = 0;
		};
/* End PBXShellScriptBuildPhase section */

/* Begin PBXSourcesBuildPhase section */
		67466F2C21E2105B001B3278 /* Sources */ = {
			isa = PBXSourcesBuildPhase;
			buildActionMask = 2147483647;
			files = (
				67CD51EB21E4CBFB006B2926 /* UsersTableViewController.swift in Sources */,
				67466F3621E2105C001B3278 /* ViewController.swift in Sources */,
				67466F3421E2105C001B3278 /* AppDelegate.swift in Sources */,
			);
			runOnlyForDeploymentPostprocessing = 0;
		};
/* End PBXSourcesBuildPhase section */

/* Begin PBXVariantGroup section */
		67466F3721E2105C001B3278 /* Main.storyboard */ = {
			isa = PBXVariantGroup;
			children = (
				67466F3821E2105C001B3278 /* Base */,
			);
			name = Main.storyboard;
			sourceTree = "<group>";
		};
		67466F3C21E21060001B3278 /* LaunchScreen.storyboard */ = {
			isa = PBXVariantGroup;
			children = (
				67466F3D21E21060001B3278 /* Base */,
			);
			name = LaunchScreen.storyboard;
			sourceTree = "<group>";
		};
/* End PBXVariantGroup section */

/* Begin XCBuildConfiguration section */
		67466F4021E21060001B3278 /* Debug */ = {
			isa = XCBuildConfiguration;
			buildSettings = {
				ALWAYS_SEARCH_USER_PATHS = NO;
				CLANG_ANALYZER_NONNULL = YES;
				CLANG_ANALYZER_NUMBER_OBJECT_CONVERSION = YES_AGGRESSIVE;
				CLANG_CXX_LANGUAGE_STANDARD = "gnu++14";
				CLANG_CXX_LIBRARY = "libc++";
				CLANG_ENABLE_MODULES = YES;
				CLANG_ENABLE_OBJC_ARC = YES;
				CLANG_ENABLE_OBJC_WEAK = YES;
				CLANG_WARN_BLOCK_CAPTURE_AUTORELEASING = YES;
				CLANG_WARN_BOOL_CONVERSION = YES;
				CLANG_WARN_COMMA = YES;
				CLANG_WARN_CONSTANT_CONVERSION = YES;
				CLANG_WARN_DEPRECATED_OBJC_IMPLEMENTATIONS = YES;
				CLANG_WARN_DIRECT_OBJC_ISA_USAGE = YES_ERROR;
				CLANG_WARN_DOCUMENTATION_COMMENTS = YES;
				CLANG_WARN_EMPTY_BODY = YES;
				CLANG_WARN_ENUM_CONVERSION = YES;
				CLANG_WARN_INFINITE_RECURSION = YES;
				CLANG_WARN_INT_CONVERSION = YES;
				CLANG_WARN_NON_LITERAL_NULL_CONVERSION = YES;
				CLANG_WARN_OBJC_IMPLICIT_RETAIN_SELF = YES;
				CLANG_WARN_OBJC_LITERAL_CONVERSION = YES;
				CLANG_WARN_OBJC_ROOT_CLASS = YES_ERROR;
				CLANG_WARN_RANGE_LOOP_ANALYSIS = YES;
				CLANG_WARN_STRICT_PROTOTYPES = YES;
				CLANG_WARN_SUSPICIOUS_MOVE = YES;
				CLANG_WARN_UNGUARDED_AVAILABILITY = YES_AGGRESSIVE;
				CLANG_WARN_UNREACHABLE_CODE = YES;
				CLANG_WARN__DUPLICATE_METHOD_MATCH = YES;
				CODE_SIGN_IDENTITY = "iPhone Developer";
				COPY_PHASE_STRIP = NO;
				DEBUG_INFORMATION_FORMAT = dwarf;
				ENABLE_STRICT_OBJC_MSGSEND = YES;
				ENABLE_TESTABILITY = YES;
				GCC_C_LANGUAGE_STANDARD = gnu11;
				GCC_DYNAMIC_NO_PIC = NO;
				GCC_NO_COMMON_BLOCKS = YES;
				GCC_OPTIMIZATION_LEVEL = 0;
				GCC_PREPROCESSOR_DEFINITIONS = (
					"DEBUG=1",
					"$(inherited)",
				);
				GCC_WARN_64_TO_32_BIT_CONVERSION = YES;
				GCC_WARN_ABOUT_RETURN_TYPE = YES_ERROR;
				GCC_WARN_UNDECLARED_SELECTOR = YES;
				GCC_WARN_UNINITIALIZED_AUTOS = YES_AGGRESSIVE;
				GCC_WARN_UNUSED_FUNCTION = YES;
				GCC_WARN_UNUSED_VARIABLE = YES;
				IPHONEOS_DEPLOYMENT_TARGET = 12.1;
				MTL_ENABLE_DEBUG_INFO = INCLUDE_SOURCE;
				MTL_FAST_MATH = YES;
				ONLY_ACTIVE_ARCH = YES;
				SDKROOT = iphoneos;
				SWIFT_ACTIVE_COMPILATION_CONDITIONS = DEBUG;
				SWIFT_OPTIMIZATION_LEVEL = "-Onone";
			};
			name = Debug;
		};
		67466F4121E21060001B3278 /* Release */ = {
			isa = XCBuildConfiguration;
			buildSettings = {
				ALWAYS_SEARCH_USER_PATHS = NO;
				CLANG_ANALYZER_NONNULL = YES;
				CLANG_ANALYZER_NUMBER_OBJECT_CONVERSION = YES_AGGRESSIVE;
				CLANG_CXX_LANGUAGE_STANDARD = "gnu++14";
				CLANG_CXX_LIBRARY = "libc++";
				CLANG_ENABLE_MODULES = YES;
				CLANG_ENABLE_OBJC_ARC = YES;
				CLANG_ENABLE_OBJC_WEAK = YES;
				CLANG_WARN_BLOCK_CAPTURE_AUTORELEASING = YES;
				CLANG_WARN_BOOL_CONVERSION = YES;
				CLANG_WARN_COMMA = YES;
				CLANG_WARN_CONSTANT_CONVERSION = YES;
				CLANG_WARN_DEPRECATED_OBJC_IMPLEMENTATIONS = YES;
				CLANG_WARN_DIRECT_OBJC_ISA_USAGE = YES_ERROR;
				CLANG_WARN_DOCUMENTATION_COMMENTS = YES;
				CLANG_WARN_EMPTY_BODY = YES;
				CLANG_WARN_ENUM_CONVERSION = YES;
				CLANG_WARN_INFINITE_RECURSION = YES;
				CLANG_WARN_INT_CONVERSION = YES;
				CLANG_WARN_NON_LITERAL_NULL_CONVERSION = YES;
				CLANG_WARN_OBJC_IMPLICIT_RETAIN_SELF = YES;
				CLANG_WARN_OBJC_LITERAL_CONVERSION = YES;
				CLANG_WARN_OBJC_ROOT_CLASS = YES_ERROR;
				CLANG_WARN_RANGE_LOOP_ANALYSIS = YES;
				CLANG_WARN_STRICT_PROTOTYPES = YES;
				CLANG_WARN_SUSPICIOUS_MOVE = YES;
				CLANG_WARN_UNGUARDED_AVAILABILITY = YES_AGGRESSIVE;
				CLANG_WARN_UNREACHABLE_CODE = YES;
				CLANG_WARN__DUPLICATE_METHOD_MATCH = YES;
				CODE_SIGN_IDENTITY = "iPhone Developer";
				COPY_PHASE_STRIP = NO;
				DEBUG_INFORMATION_FORMAT = "dwarf-with-dsym";
				ENABLE_NS_ASSERTIONS = NO;
				ENABLE_STRICT_OBJC_MSGSEND = YES;
				GCC_C_LANGUAGE_STANDARD = gnu11;
				GCC_NO_COMMON_BLOCKS = YES;
				GCC_WARN_64_TO_32_BIT_CONVERSION = YES;
				GCC_WARN_ABOUT_RETURN_TYPE = YES_ERROR;
				GCC_WARN_UNDECLARED_SELECTOR = YES;
				GCC_WARN_UNINITIALIZED_AUTOS = YES_AGGRESSIVE;
				GCC_WARN_UNUSED_FUNCTION = YES;
				GCC_WARN_UNUSED_VARIABLE = YES;
				IPHONEOS_DEPLOYMENT_TARGET = 12.1;
				MTL_ENABLE_DEBUG_INFO = NO;
				MTL_FAST_MATH = YES;
				SDKROOT = iphoneos;
				SWIFT_COMPILATION_MODE = wholemodule;
				SWIFT_OPTIMIZATION_LEVEL = "-O";
				VALIDATE_PRODUCT = YES;
			};
			name = Release;
		};
		67466F4321E21060001B3278 /* Debug */ = {
			isa = XCBuildConfiguration;
			baseConfigurationReference = 77A18FBD4A0E092009059110 /* Pods-Instagram Clone Swift4.debug.xcconfig */;
			buildSettings = {
				ASSETCATALOG_COMPILER_APPICON_NAME = AppIcon;
				CODE_SIGN_STYLE = Automatic;
				DEVELOPMENT_TEAM = FW8CQ2YARN;
				INFOPLIST_FILE = "Instagram Clone Swift4/Info.plist";
				LD_RUNPATH_SEARCH_PATHS = (
					"$(inherited)",
					"@executable_path/Frameworks",
				);
				PRODUCT_BUNDLE_IDENTIFIER = "com.gurjar.chaman.Instagram-Clone-Swift4";
				PRODUCT_NAME = "$(TARGET_NAME)";
				SWIFT_VERSION = 4.2;
				TARGETED_DEVICE_FAMILY = "1,2";
			};
			name = Debug;
		};
		67466F4421E21060001B3278 /* Release */ = {
			isa = XCBuildConfiguration;
			baseConfigurationReference = ECD75C78E16055446FBAFDEC /* Pods-Instagram Clone Swift4.release.xcconfig */;
			buildSettings = {
				ASSETCATALOG_COMPILER_APPICON_NAME = AppIcon;
				CODE_SIGN_STYLE = Automatic;
				DEVELOPMENT_TEAM = FW8CQ2YARN;
				INFOPLIST_FILE = "Instagram Clone Swift4/Info.plist";
				LD_RUNPATH_SEARCH_PATHS = (
					"$(inherited)",
					"@executable_path/Frameworks",
				);
				PRODUCT_BUNDLE_IDENTIFIER = "com.gurjar.chaman.Instagram-Clone-Swift4";
				PRODUCT_NAME = "$(TARGET_NAME)";
				SWIFT_VERSION = 4.2;
				TARGETED_DEVICE_FAMILY = "1,2";
			};
			name = Release;
		};
/* End XCBuildConfiguration section */

/* Begin XCConfigurationList section */
		67466F2B21E2105B001B3278 /* Build configuration list for PBXProject "Instagram Clone Swift4" */ = {
			isa = XCConfigurationList;
			buildConfigurations = (
				67466F4021E21060001B3278 /* Debug */,
				67466F4121E21060001B3278 /* Release */,
			);
			defaultConfigurationIsVisible = 0;
			defaultConfigurationName = Release;
		};
		67466F4221E21060001B3278 /* Build configuration list for PBXNativeTarget "Instagram Clone Swift4" */ = {
			isa = XCConfigurationList;
			buildConfigurations = (
				67466F4321E21060001B3278 /* Debug */,
				67466F4421E21060001B3278 /* Release */,
			);
			defaultConfigurationIsVisible = 0;
			defaultConfigurationName = Release;
		};
/* End XCConfigurationList section */
	};
	rootObject = 67466F2821E2105B001B3278 /* Project object */;
}
